// !$*UTF8*$!
{
	archiveVersion = 1;
	classes = {
	};
	objectVersion = 77;
	objects = {

/* Begin PBXBuildFile section */
		6F63B90B2E53122E005C7A3B /* ClassifySoundApp.swift in Sources */ = {isa = PBXBuildFile; fileRef = 6F63B8E32E53122E005C7A3B /* ClassifySoundApp.swift */; };
		6F63B90C2E53122E005C7A3B /* VideoPlayerView.swift in Sources */ = {isa = PBXBuildFile; fileRef = 6F63B9082E53122E005C7A3B /* VideoPlayerView.swift */; };
		6F63B90D2E53122E005C7A3B /* ExerciseView.swift in Sources */ = {isa = PBXBuildFile; fileRef = 6F63B9012E53122E005C7A3B /* ExerciseView.swift */; };
		6F63B90E2E53122E005C7A3B /* ClassificationResultsSubject.swift in Sources */ = {isa = PBXBuildFile; fileRef = 6F63B8E22E53122E005C7A3B /* ClassificationResultsSubject.swift */; };
		6F63B90F2E53122E005C7A3B /* LandingView.swift in Sources */ = {isa = PBXBuildFile; fileRef = 6F63B9022E53122E005C7A3B /* LandingView.swift */; };
		6F63B9102E53122E005C7A3B /* SystemAudioClassifier.swift in Sources */ = {isa = PBXBuildFile; fileRef = 6F63B8E72E53122E005C7A3B /* SystemAudioClassifier.swift */; };
		6F63B9112E53122E005C7A3B /* DetectionState.swift in Sources */ = {isa = PBXBuildFile; fileRef = 6F63B8E42E53122E005C7A3B /* DetectionState.swift */; };
		6F63B9122E53122E005C7A3B /* VideoPlayerViewModel.swift in Sources */ = {isa = PBXBuildFile; fileRef = 6F63B9092E53122E005C7A3B /* VideoPlayerViewModel.swift */; };
		6F63B9132E53122E005C7A3B /* OnboardingVideoPlayer.swift in Sources */ = {isa = PBXBuildFile; fileRef = 6F63B9062E53122E005C7A3B /* OnboardingVideoPlayer.swift */; };
		6F63B9142E53122E005C7A3B /* hummingClassifierInput.swift in Sources */ = {isa = PBXBuildFile; fileRef = 6F63B8FE2E53122E005C7A3B /* hummingClassifierInput.swift */; };
		6F63B9152E53122E005C7A3B /* SoundIdentifier.swift in Sources */ = {isa = PBXBuildFile; fileRef = 6F63B8E62E53122E005C7A3B /* SoundIdentifier.swift */; };
		6F63B9162E53122E005C7A3B /* OnboardingVideoPlayerViewModel.swift in Sources */ = {isa = PBXBuildFile; fileRef = 6F63B9072E53122E005C7A3B /* OnboardingVideoPlayerViewModel.swift */; };
		6F63B9172E53122E005C7A3B /* model.swift in Sources */ = {isa = PBXBuildFile; fileRef = 6F63B8E52E53122E005C7A3B /* model.swift */; };
		6F63B9182E53122E005C7A3B /* OnboardingView.swift in Sources */ = {isa = PBXBuildFile; fileRef = 6F63B9032E53122E005C7A3B /* OnboardingView.swift */; };
		6F63B9192E53122E005C7A3B /* BackgroundMusicPlayer.swift in Sources */ = {isa = PBXBuildFile; fileRef = 6F63B9052E53122E005C7A3B /* BackgroundMusicPlayer.swift */; };
		6F63B91A2E53122E005C7A3B /* CompletionView.swift in Sources */ = {isa = PBXBuildFile; fileRef = 6F63B9002E53122E005C7A3B /* CompletionView.swift */; };
		6F63B91B2E53122E005C7A3B /* OnboardingFafo-1.mov in Resources */ = {isa = PBXBuildFile; fileRef = 6F63B8ED2E53122E005C7A3B /* OnboardingFafo-1.mov */; };
		6F63B91C2E53122E005C7A3B /* FlowerBlooming.mov in Resources */ = {isa = PBXBuildFile; fileRef = 6F63B8EA2E53122E005C7A3B /* FlowerBlooming.mov */; };
		6F63B91D2E53122E005C7A3B /* OnboardingKako-13.mov in Resources */ = {isa = PBXBuildFile; fileRef = 6F63B8F92E53122E005C7A3B /* OnboardingKako-13.mov */; };
		6F63B91E2E53122E005C7A3B /* OnboardingFafo-2.mov in Resources */ = {isa = PBXBuildFile; fileRef = 6F63B8EE2E53122E005C7A3B /* OnboardingFafo-2.mov */; };
		6F63B91F2E53122E005C7A3B /* MoonPhases.mov in Resources */ = {isa = PBXBuildFile; fileRef = 6F63B8EB2E53122E005C7A3B /* MoonPhases.mov */; };
		6F63B9202E53122E005C7A3B /* OnboardingFafo-5.mov in Resources */ = {isa = PBXBuildFile; fileRef = 6F63B8F12E53122E005C7A3B /* OnboardingFafo-5.mov */; };
		6F63B9212E53122E005C7A3B /* OnboardingFafo-7.mov in Resources */ = {isa = PBXBuildFile; fileRef = 6F63B8F32E53122E005C7A3B /* OnboardingFafo-7.mov */; };
		6F63B9222E53122E005C7A3B /* OnboardingKako-12.mov in Resources */ = {isa = PBXBuildFile; fileRef = 6F63B8F82E53122E005C7A3B /* OnboardingKako-12.mov */; };
		6F63B9232E53122E005C7A3B /* backgroundMusic.mp3 in Resources */ = {isa = PBXBuildFile; fileRef = 6F63B8FB2E53122E005C7A3B /* backgroundMusic.mp3 */; };
		6F63B9242E53122E005C7A3B /* LICENSE.txt in Resources */ = {isa = PBXBuildFile; fileRef = 6F63B8E02E53122E005C7A3B /* LICENSE.txt */; };
		6F63B9252E53122E005C7A3B /* OnboardingKako-11.mov in Resources */ = {isa = PBXBuildFile; fileRef = 6F63B8F72E53122E005C7A3B /* OnboardingKako-11.mov */; };
		6F63B9262E53122E005C7A3B /* OnboardingKako-10.mov in Resources */ = {isa = PBXBuildFile; fileRef = 6F63B8F62E53122E005C7A3B /* OnboardingKako-10.mov */; };
		6F63B9272E53122E005C7A3B /* OnboardingFafo-4.mov in Resources */ = {isa = PBXBuildFile; fileRef = 6F63B8F02E53122E005C7A3B /* OnboardingFafo-4.mov */; };
		6F63B9282E53122E005C7A3B /* OnboardingFafo-6.mov in Resources */ = {isa = PBXBuildFile; fileRef = 6F63B8F22E53122E005C7A3B /* OnboardingFafo-6.mov */; };
		6F63B9292E53122E005C7A3B /* FillingHeart.mov in Resources */ = {isa = PBXBuildFile; fileRef = 6F63B8E92E53122E005C7A3B /* FillingHeart.mov */; };
		6F63B92A2E53122E005C7A3B /* OnboardingKako-9.mov in Resources */ = {isa = PBXBuildFile; fileRef = 6F63B8F52E53122E005C7A3B /* OnboardingKako-9.mov */; };
		6F63B92B2E53122E005C7A3B /* OnboardingFafo-3.mov in Resources */ = {isa = PBXBuildFile; fileRef = 6F63B8EF2E53122E005C7A3B /* OnboardingFafo-3.mov */; };
		6F63B92C2E53122E005C7A3B /* OnboardingFafo-8.mov in Resources */ = {isa = PBXBuildFile; fileRef = 6F63B8F42E53122E005C7A3B /* OnboardingFafo-8.mov */; };
/* End PBXBuildFile section */

/* Begin PBXContainerItemProxy section */
		6F63B8C42E5311D5005C7A3B /* PBXContainerItemProxy */ = {
			isa = PBXContainerItemProxy;
			containerPortal = 6F63B8AB2E5311D4005C7A3B /* Project object */;
			proxyType = 1;
			remoteGlobalIDString = 6F63B8B22E5311D4005C7A3B;
			remoteInfo = Hums;
		};
		6F63B8CE2E5311D5005C7A3B /* PBXContainerItemProxy */ = {
			isa = PBXContainerItemProxy;
			containerPortal = 6F63B8AB2E5311D4005C7A3B /* Project object */;
			proxyType = 1;
			remoteGlobalIDString = 6F63B8B22E5311D4005C7A3B;
			remoteInfo = Hums;
		};
/* End PBXContainerItemProxy section */

/* Begin PBXFileReference section */
		6F63B8B32E5311D4005C7A3B /* Hums.app */ = {isa = PBXFileReference; explicitFileType = wrapper.application; includeInIndex = 0; path = Hums.app; sourceTree = BUILT_PRODUCTS_DIR; };
		6F63B8C32E5311D5005C7A3B /* HumsTests.xctest */ = {isa = PBXFileReference; explicitFileType = wrapper.cfbundle; includeInIndex = 0; path = HumsTests.xctest; sourceTree = BUILT_PRODUCTS_DIR; };
		6F63B8CD2E5311D5005C7A3B /* HumsUITests.xctest */ = {isa = PBXFileReference; explicitFileType = wrapper.cfbundle; includeInIndex = 0; path = HumsUITests.xctest; sourceTree = BUILT_PRODUCTS_DIR; };
		6F63B8E02E53122E005C7A3B /* LICENSE.txt */ = {isa = PBXFileReference; lastKnownFileType = text; path = LICENSE.txt; sourceTree = "<group>"; };
		6F63B8E22E53122E005C7A3B /* ClassificationResultsSubject.swift */ = {isa = PBXFileReference; lastKnownFileType = sourcecode.swift; path = ClassificationResultsSubject.swift; sourceTree = "<group>"; };
		6F63B8E32E53122E005C7A3B /* ClassifySoundApp.swift */ = {isa = PBXFileReference; lastKnownFileType = sourcecode.swift; path = ClassifySoundApp.swift; sourceTree = "<group>"; };
		6F63B8E42E53122E005C7A3B /* DetectionState.swift */ = {isa = PBXFileReference; lastKnownFileType = sourcecode.swift; path = DetectionState.swift; sourceTree = "<group>"; };
		6F63B8E52E53122E005C7A3B /* model.swift */ = {isa = PBXFileReference; lastKnownFileType = sourcecode.swift; path = model.swift; sourceTree = "<group>"; };
		6F63B8E62E53122E005C7A3B /* SoundIdentifier.swift */ = {isa = PBXFileReference; lastKnownFileType = sourcecode.swift; path = SoundIdentifier.swift; sourceTree = "<group>"; };
		6F63B8E72E53122E005C7A3B /* SystemAudioClassifier.swift */ = {isa = PBXFileReference; lastKnownFileType = sourcecode.swift; path = SystemAudioClassifier.swift; sourceTree = "<group>"; };
		6F63B8E92E53122E005C7A3B /* FillingHeart.mov */ = {isa = PBXFileReference; lastKnownFileType = video.quicktime; path = FillingHeart.mov; sourceTree = "<group>"; };
		6F63B8EA2E53122E005C7A3B /* FlowerBlooming.mov */ = {isa = PBXFileReference; lastKnownFileType = video.quicktime; path = FlowerBlooming.mov; sourceTree = "<group>"; };
		6F63B8EB2E53122E005C7A3B /* MoonPhases.mov */ = {isa = PBXFileReference; lastKnownFileType = video.quicktime; path = MoonPhases.mov; sourceTree = "<group>"; };
		6F63B8ED2E53122E005C7A3B /* OnboardingFafo-1.mov */ = {isa = PBXFileReference; lastKnownFileType = video.quicktime; path = "OnboardingFafo-1.mov"; sourceTree = "<group>"; };
		6F63B8EE2E53122E005C7A3B /* OnboardingFafo-2.mov */ = {isa = PBXFileReference; lastKnownFileType = video.quicktime; path = "OnboardingFafo-2.mov"; sourceTree = "<group>"; };
		6F63B8EF2E53122E005C7A3B /* OnboardingFafo-3.mov */ = {isa = PBXFileReference; lastKnownFileType = video.quicktime; path = "OnboardingFafo-3.mov"; sourceTree = "<group>"; };
		6F63B8F02E53122E005C7A3B /* OnboardingFafo-4.mov */ = {isa = PBXFileReference; lastKnownFileType = video.quicktime; path = "OnboardingFafo-4.mov"; sourceTree = "<group>"; };
		6F63B8F12E53122E005C7A3B /* OnboardingFafo-5.mov */ = {isa = PBXFileReference; lastKnownFileType = video.quicktime; path = "OnboardingFafo-5.mov"; sourceTree = "<group>"; };
		6F63B8F22E53122E005C7A3B /* OnboardingFafo-6.mov */ = {isa = PBXFileReference; lastKnownFileType = video.quicktime; path = "OnboardingFafo-6.mov"; sourceTree = "<group>"; };
		6F63B8F32E53122E005C7A3B /* OnboardingFafo-7.mov */ = {isa = PBXFileReference; lastKnownFileType = video.quicktime; path = "OnboardingFafo-7.mov"; sourceTree = "<group>"; };
		6F63B8F42E53122E005C7A3B /* OnboardingFafo-8.mov */ = {isa = PBXFileReference; lastKnownFileType = video.quicktime; path = "OnboardingFafo-8.mov"; sourceTree = "<group>"; };
		6F63B8F52E53122E005C7A3B /* OnboardingKako-9.mov */ = {isa = PBXFileReference; lastKnownFileType = video.quicktime; path = "OnboardingKako-9.mov"; sourceTree = "<group>"; };
		6F63B8F62E53122E005C7A3B /* OnboardingKako-10.mov */ = {isa = PBXFileReference; lastKnownFileType = video.quicktime; path = "OnboardingKako-10.mov"; sourceTree = "<group>"; };
		6F63B8F72E53122E005C7A3B /* OnboardingKako-11.mov */ = {isa = PBXFileReference; lastKnownFileType = video.quicktime; path = "OnboardingKako-11.mov"; sourceTree = "<group>"; };
		6F63B8F82E53122E005C7A3B /* OnboardingKako-12.mov */ = {isa = PBXFileReference; lastKnownFileType = video.quicktime; path = "OnboardingKako-12.mov"; sourceTree = "<group>"; };
		6F63B8F92E53122E005C7A3B /* OnboardingKako-13.mov */ = {isa = PBXFileReference; lastKnownFileType = video.quicktime; path = "OnboardingKako-13.mov"; sourceTree = "<group>"; };
		6F63B8FB2E53122E005C7A3B /* backgroundMusic.mp3 */ = {isa = PBXFileReference; lastKnownFileType = audio.mp3; path = backgroundMusic.mp3; sourceTree = "<group>"; };
		6F63B8FE2E53122E005C7A3B /* hummingClassifierInput.swift */ = {isa = PBXFileReference; lastKnownFileType = sourcecode.swift; path = hummingClassifierInput.swift; sourceTree = "<group>"; };
		6F63B9002E53122E005C7A3B /* CompletionView.swift */ = {isa = PBXFileReference; lastKnownFileType = sourcecode.swift; path = CompletionView.swift; sourceTree = "<group>"; };
		6F63B9012E53122E005C7A3B /* ExerciseView.swift */ = {isa = PBXFileReference; lastKnownFileType = sourcecode.swift; path = ExerciseView.swift; sourceTree = "<group>"; };
		6F63B9022E53122E005C7A3B /* LandingView.swift */ = {isa = PBXFileReference; lastKnownFileType = sourcecode.swift; path = LandingView.swift; sourceTree = "<group>"; };
		6F63B9032E53122E005C7A3B /* OnboardingView.swift */ = {isa = PBXFileReference; lastKnownFileType = sourcecode.swift; path = OnboardingView.swift; sourceTree = "<group>"; };
		6F63B9052E53122E005C7A3B /* BackgroundMusicPlayer.swift */ = {isa = PBXFileReference; lastKnownFileType = sourcecode.swift; path = BackgroundMusicPlayer.swift; sourceTree = "<group>"; };
		6F63B9062E53122E005C7A3B /* OnboardingVideoPlayer.swift */ = {isa = PBXFileReference; lastKnownFileType = sourcecode.swift; path = OnboardingVideoPlayer.swift; sourceTree = "<group>"; };
		6F63B9072E53122E005C7A3B /* OnboardingVideoPlayerViewModel.swift */ = {isa = PBXFileReference; lastKnownFileType = sourcecode.swift; path = OnboardingVideoPlayerViewModel.swift; sourceTree = "<group>"; };
		6F63B9082E53122E005C7A3B /* VideoPlayerView.swift */ = {isa = PBXFileReference; lastKnownFileType = sourcecode.swift; path = VideoPlayerView.swift; sourceTree = "<group>"; };
		6F63B9092E53122E005C7A3B /* VideoPlayerViewModel.swift */ = {isa = PBXFileReference; lastKnownFileType = sourcecode.swift; path = VideoPlayerViewModel.swift; sourceTree = "<group>"; };
/* End PBXFileReference section */

/* Begin PBXFileSystemSynchronizedBuildFileExceptionSet section */
		6F63B92E2E531376005C7A3B /* Exceptions for "Hums" folder in "Hums" target */ = {
			isa = PBXFileSystemSynchronizedBuildFileExceptionSet;
			membershipExceptions = (
				Info.plist,
			);
			target = 6F63B8B22E5311D4005C7A3B /* Hums */;
		};
/* End PBXFileSystemSynchronizedBuildFileExceptionSet section */

/* Begin PBXFileSystemSynchronizedRootGroup section */
		6F63B8B52E5311D4005C7A3B /* Hums */ = {
			isa = PBXFileSystemSynchronizedRootGroup;
			exceptions = (
				6F63B92E2E531376005C7A3B /* Exceptions for "Hums" folder in "Hums" target */,
			);
			path = Hums;
			sourceTree = "<group>";
		};
		6F63B8C62E5311D5005C7A3B /* HumsTests */ = {
			isa = PBXFileSystemSynchronizedRootGroup;
			path = HumsTests;
			sourceTree = "<group>";
		};
		6F63B8D02E5311D5005C7A3B /* HumsUITests */ = {
			isa = PBXFileSystemSynchronizedRootGroup;
			path = HumsUITests;
			sourceTree = "<group>";
		};
/* End PBXFileSystemSynchronizedRootGroup section */

/* Begin PBXFrameworksBuildPhase section */
		6F63B8B02E5311D4005C7A3B /* Frameworks */ = {
			isa = PBXFrameworksBuildPhase;
			buildActionMask = 2147483647;
			files = (
			);
			runOnlyForDeploymentPostprocessing = 0;
		};
		6F63B8C02E5311D5005C7A3B /* Frameworks */ = {
			isa = PBXFrameworksBuildPhase;
			buildActionMask = 2147483647;
			files = (
			);
			runOnlyForDeploymentPostprocessing = 0;
		};
		6F63B8CA2E5311D5005C7A3B /* Frameworks */ = {
			isa = PBXFrameworksBuildPhase;
			buildActionMask = 2147483647;
			files = (
			);
			runOnlyForDeploymentPostprocessing = 0;
		};
/* End PBXFrameworksBuildPhase section */

/* Begin PBXGroup section */
		6F63B8AA2E5311D4005C7A3B = {
			isa = PBXGroup;
			children = (
				6F63B8B52E5311D4005C7A3B /* Hums */,
				6F63B8C62E5311D5005C7A3B /* HumsTests */,
				6F63B8D02E5311D5005C7A3B /* HumsUITests */,
				6F63B8B42E5311D4005C7A3B /* Products */,
				6F63B8E12E53122E005C7A3B /* AI model License */,
				6F63B8E82E53122E005C7A3B /* Model */,
				6F63B8FD2E53122E005C7A3B /* Resources */,
				6F63B8FF2E53122E005C7A3B /* Utilities */,
				6F63B9042E53122E005C7A3B /* View */,
				6F63B90A2E53122E005C7A3B /* View Model */,
			);
			sourceTree = "<group>";
		};
		6F63B8B42E5311D4005C7A3B /* Products */ = {
			isa = PBXGroup;
			children = (
				6F63B8B32E5311D4005C7A3B /* Hums.app */,
				6F63B8C32E5311D5005C7A3B /* HumsTests.xctest */,
				6F63B8CD2E5311D5005C7A3B /* HumsUITests.xctest */,
			);
			name = Products;
			sourceTree = "<group>";
		};
		6F63B8E12E53122E005C7A3B /* AI model License */ = {
			isa = PBXGroup;
			children = (
				6F63B8E02E53122E005C7A3B /* LICENSE.txt */,
			);
			path = "AI model License";
			sourceTree = "<group>";
		};
		6F63B8E82E53122E005C7A3B /* Model */ = {
			isa = PBXGroup;
			children = (
				6F63B8E22E53122E005C7A3B /* ClassificationResultsSubject.swift */,
				6F63B8E32E53122E005C7A3B /* ClassifySoundApp.swift */,
				6F63B8E42E53122E005C7A3B /* DetectionState.swift */,
				6F63B8E52E53122E005C7A3B /* model.swift */,
				6F63B8E62E53122E005C7A3B /* SoundIdentifier.swift */,
				6F63B8E72E53122E005C7A3B /* SystemAudioClassifier.swift */,
			);
			path = Model;
			sourceTree = "<group>";
		};
		6F63B8EC2E53122E005C7A3B /* Exercise Videos */ = {
			isa = PBXGroup;
			children = (
				6F63B8E92E53122E005C7A3B /* FillingHeart.mov */,
				6F63B8EA2E53122E005C7A3B /* FlowerBlooming.mov */,
				6F63B8EB2E53122E005C7A3B /* MoonPhases.mov */,
			);
			path = "Exercise Videos";
			sourceTree = "<group>";
		};
		6F63B8FA2E53122E005C7A3B /* full onboarding videos */ = {
			isa = PBXGroup;
			children = (
				6F63B8ED2E53122E005C7A3B /* OnboardingFafo-1.mov */,
				6F63B8EE2E53122E005C7A3B /* OnboardingFafo-2.mov */,
				6F63B8EF2E53122E005C7A3B /* OnboardingFafo-3.mov */,
				6F63B8F02E53122E005C7A3B /* OnboardingFafo-4.mov */,
				6F63B8F12E53122E005C7A3B /* OnboardingFafo-5.mov */,
				6F63B8F22E53122E005C7A3B /* OnboardingFafo-6.mov */,
				6F63B8F32E53122E005C7A3B /* OnboardingFafo-7.mov */,
				6F63B8F42E53122E005C7A3B /* OnboardingFafo-8.mov */,
				6F63B8F52E53122E005C7A3B /* OnboardingKako-9.mov */,
				6F63B8F62E53122E005C7A3B /* OnboardingKako-10.mov */,
				6F63B8F72E53122E005C7A3B /* OnboardingKako-11.mov */,
				6F63B8F82E53122E005C7A3B /* OnboardingKako-12.mov */,
				6F63B8F92E53122E005C7A3B /* OnboardingKako-13.mov */,
			);
			path = "full onboarding videos";
			sourceTree = "<group>";
		};
		6F63B8FC2E53122E005C7A3B /* Music */ = {
			isa = PBXGroup;
			children = (
				6F63B8FB2E53122E005C7A3B /* backgroundMusic.mp3 */,
			);
			path = Music;
			sourceTree = "<group>";
		};
		6F63B8FD2E53122E005C7A3B /* Resources */ = {
			isa = PBXGroup;
			children = (
				6F63B8EC2E53122E005C7A3B /* Exercise Videos */,
				6F63B8FA2E53122E005C7A3B /* full onboarding videos */,
				6F63B8FC2E53122E005C7A3B /* Music */,
			);
			path = Resources;
			sourceTree = "<group>";
		};
		6F63B8FF2E53122E005C7A3B /* Utilities */ = {
			isa = PBXGroup;
			children = (
				6F63B8FE2E53122E005C7A3B /* hummingClassifierInput.swift */,
			);
			path = Utilities;
			sourceTree = "<group>";
		};
		6F63B9042E53122E005C7A3B /* View */ = {
			isa = PBXGroup;
			children = (
				6F63B9002E53122E005C7A3B /* CompletionView.swift */,
				6F63B9012E53122E005C7A3B /* ExerciseView.swift */,
				6F63B9022E53122E005C7A3B /* LandingView.swift */,
				6F63B9032E53122E005C7A3B /* OnboardingView.swift */,
			);
			path = View;
			sourceTree = "<group>";
		};
		6F63B90A2E53122E005C7A3B /* View Model */ = {
			isa = PBXGroup;
			children = (
				6F63B9052E53122E005C7A3B /* BackgroundMusicPlayer.swift */,
				6F63B9062E53122E005C7A3B /* OnboardingVideoPlayer.swift */,
				6F63B9072E53122E005C7A3B /* OnboardingVideoPlayerViewModel.swift */,
				6F63B9082E53122E005C7A3B /* VideoPlayerView.swift */,
				6F63B9092E53122E005C7A3B /* VideoPlayerViewModel.swift */,
			);
			path = "View Model";
			sourceTree = "<group>";
		};
/* End PBXGroup section */

/* Begin PBXNativeTarget section */
		6F63B8B22E5311D4005C7A3B /* Hums */ = {
			isa = PBXNativeTarget;
			buildConfigurationList = 6F63B8D72E5311D5005C7A3B /* Build configuration list for PBXNativeTarget "Hums" */;
			buildPhases = (
				6F63B8AF2E5311D4005C7A3B /* Sources */,
				6F63B8B02E5311D4005C7A3B /* Frameworks */,
				6F63B8B12E5311D4005C7A3B /* Resources */,
			);
			buildRules = (
			);
			dependencies = (
			);
			fileSystemSynchronizedGroups = (
				6F63B8B52E5311D4005C7A3B /* Hums */,
			);
			name = Hums;
			packageProductDependencies = (
			);
			productName = Hums;
			productReference = 6F63B8B32E5311D4005C7A3B /* Hums.app */;
			productType = "com.apple.product-type.application";
		};
		6F63B8C22E5311D5005C7A3B /* HumsTests */ = {
			isa = PBXNativeTarget;
			buildConfigurationList = 6F63B8DA2E5311D5005C7A3B /* Build configuration list for PBXNativeTarget "HumsTests" */;
			buildPhases = (
				6F63B8BF2E5311D5005C7A3B /* Sources */,
				6F63B8C02E5311D5005C7A3B /* Frameworks */,
				6F63B8C12E5311D5005C7A3B /* Resources */,
			);
			buildRules = (
			);
			dependencies = (
				6F63B8C52E5311D5005C7A3B /* PBXTargetDependency */,
			);
			fileSystemSynchronizedGroups = (
				6F63B8C62E5311D5005C7A3B /* HumsTests */,
			);
			name = HumsTests;
			packageProductDependencies = (
			);
			productName = HumsTests;
			productReference = 6F63B8C32E5311D5005C7A3B /* HumsTests.xctest */;
			productType = "com.apple.product-type.bundle.unit-test";
		};
		6F63B8CC2E5311D5005C7A3B /* HumsUITests */ = {
			isa = PBXNativeTarget;
			buildConfigurationList = 6F63B8DD2E5311D5005C7A3B /* Build configuration list for PBXNativeTarget "HumsUITests" */;
			buildPhases = (
				6F63B8C92E5311D5005C7A3B /* Sources */,
				6F63B8CA2E5311D5005C7A3B /* Frameworks */,
				6F63B8CB2E5311D5005C7A3B /* Resources */,
			);
			buildRules = (
			);
			dependencies = (
				6F63B8CF2E5311D5005C7A3B /* PBXTargetDependency */,
			);
			fileSystemSynchronizedGroups = (
				6F63B8D02E5311D5005C7A3B /* HumsUITests */,
			);
			name = HumsUITests;
			packageProductDependencies = (
			);
			productName = HumsUITests;
			productReference = 6F63B8CD2E5311D5005C7A3B /* HumsUITests.xctest */;
			productType = "com.apple.product-type.bundle.ui-testing";
		};
/* End PBXNativeTarget section */

/* Begin PBXProject section */
		6F63B8AB2E5311D4005C7A3B /* Project object */ = {
			isa = PBXProject;
			attributes = {
				BuildIndependentTargetsInParallel = 1;
				LastSwiftUpdateCheck = 1620;
				LastUpgradeCheck = 1620;
				TargetAttributes = {
					6F63B8B22E5311D4005C7A3B = {
						CreatedOnToolsVersion = 16.2;
					};
					6F63B8C22E5311D5005C7A3B = {
						CreatedOnToolsVersion = 16.2;
						TestTargetID = 6F63B8B22E5311D4005C7A3B;
					};
					6F63B8CC2E5311D5005C7A3B = {
						CreatedOnToolsVersion = 16.2;
						TestTargetID = 6F63B8B22E5311D4005C7A3B;
					};
				};
			};
			buildConfigurationList = 6F63B8AE2E5311D4005C7A3B /* Build configuration list for PBXProject "Hums" */;
			developmentRegion = en;
			hasScannedForEncodings = 0;
			knownRegions = (
				en,
				Base,
			);
			mainGroup = 6F63B8AA2E5311D4005C7A3B;
			minimizedProjectReferenceProxies = 1;
			preferredProjectObjectVersion = 77;
			productRefGroup = 6F63B8B42E5311D4005C7A3B /* Products */;
			projectDirPath = "";
			projectRoot = "";
			targets = (
				6F63B8B22E5311D4005C7A3B /* Hums */,
				6F63B8C22E5311D5005C7A3B /* HumsTests */,
				6F63B8CC2E5311D5005C7A3B /* HumsUITests */,
			);
		};
/* End PBXProject section */

/* Begin PBXResourcesBuildPhase section */
		6F63B8B12E5311D4005C7A3B /* Resources */ = {
			isa = PBXResourcesBuildPhase;
			buildActionMask = 2147483647;
			files = (
				6F63B91B2E53122E005C7A3B /* OnboardingFafo-1.mov in Resources */,
				6F63B91C2E53122E005C7A3B /* FlowerBlooming.mov in Resources */,
				6F63B91D2E53122E005C7A3B /* OnboardingKako-13.mov in Resources */,
				6F63B91E2E53122E005C7A3B /* OnboardingFafo-2.mov in Resources */,
				6F63B91F2E53122E005C7A3B /* MoonPhases.mov in Resources */,
				6F63B9202E53122E005C7A3B /* OnboardingFafo-5.mov in Resources */,
				6F63B9212E53122E005C7A3B /* OnboardingFafo-7.mov in Resources */,
				6F63B9222E53122E005C7A3B /* OnboardingKako-12.mov in Resources */,
				6F63B9232E53122E005C7A3B /* backgroundMusic.mp3 in Resources */,
				6F63B9242E53122E005C7A3B /* LICENSE.txt in Resources */,
				6F63B9252E53122E005C7A3B /* OnboardingKako-11.mov in Resources */,
				6F63B9262E53122E005C7A3B /* OnboardingKako-10.mov in Resources */,
				6F63B9272E53122E005C7A3B /* OnboardingFafo-4.mov in Resources */,
				6F63B9282E53122E005C7A3B /* OnboardingFafo-6.mov in Resources */,
				6F63B9292E53122E005C7A3B /* FillingHeart.mov in Resources */,
				6F63B92A2E53122E005C7A3B /* OnboardingKako-9.mov in Resources */,
				6F63B92B2E53122E005C7A3B /* OnboardingFafo-3.mov in Resources */,
				6F63B92C2E53122E005C7A3B /* OnboardingFafo-8.mov in Resources */,
			);
			runOnlyForDeploymentPostprocessing = 0;
		};
		6F63B8C12E5311D5005C7A3B /* Resources */ = {
			isa = PBXResourcesBuildPhase;
			buildActionMask = 2147483647;
			files = (
			);
			runOnlyForDeploymentPostprocessing = 0;
		};
		6F63B8CB2E5311D5005C7A3B /* Resources */ = {
			isa = PBXResourcesBuildPhase;
			buildActionMask = 2147483647;
			files = (
			);
			runOnlyForDeploymentPostprocessing = 0;
		};
/* End PBXResourcesBuildPhase section */

/* Begin PBXSourcesBuildPhase section */
		6F63B8AF2E5311D4005C7A3B /* Sources */ = {
			isa = PBXSourcesBuildPhase;
			buildActionMask = 2147483647;
			files = (
				6F63B90B2E53122E005C7A3B /* ClassifySoundApp.swift in Sources */,
				6F63B90C2E53122E005C7A3B /* VideoPlayerView.swift in Sources */,
				6F63B90D2E53122E005C7A3B /* ExerciseView.swift in Sources */,
				6F63B90E2E53122E005C7A3B /* ClassificationResultsSubject.swift in Sources */,
				6F63B90F2E53122E005C7A3B /* LandingView.swift in Sources */,
				6F63B9102E53122E005C7A3B /* SystemAudioClassifier.swift in Sources */,
				6F63B9112E53122E005C7A3B /* DetectionState.swift in Sources */,
				6F63B9122E53122E005C7A3B /* VideoPlayerViewModel.swift in Sources */,
				6F63B9132E53122E005C7A3B /* OnboardingVideoPlayer.swift in Sources */,
				6F63B9142E53122E005C7A3B /* hummingClassifierInput.swift in Sources */,
				6F63B9152E53122E005C7A3B /* SoundIdentifier.swift in Sources */,
				6F63B9162E53122E005C7A3B /* OnboardingVideoPlayerViewModel.swift in Sources */,
				6F63B9172E53122E005C7A3B /* model.swift in Sources */,
				6F63B9182E53122E005C7A3B /* OnboardingView.swift in Sources */,
				6F63B9192E53122E005C7A3B /* BackgroundMusicPlayer.swift in Sources */,
				6F63B91A2E53122E005C7A3B /* CompletionView.swift in Sources */,
			);
			runOnlyForDeploymentPostprocessing = 0;
		};
		6F63B8BF2E5311D5005C7A3B /* Sources */ = {
			isa = PBXSourcesBuildPhase;
			buildActionMask = 2147483647;
			files = (
			);
			runOnlyForDeploymentPostprocessing = 0;
		};
		6F63B8C92E5311D5005C7A3B /* Sources */ = {
			isa = PBXSourcesBuildPhase;
			buildActionMask = 2147483647;
			files = (
			);
			runOnlyForDeploymentPostprocessing = 0;
		};
/* End PBXSourcesBuildPhase section */

/* Begin PBXTargetDependency section */
		6F63B8C52E5311D5005C7A3B /* PBXTargetDependency */ = {
			isa = PBXTargetDependency;
			target = 6F63B8B22E5311D4005C7A3B /* Hums */;
			targetProxy = 6F63B8C42E5311D5005C7A3B /* PBXContainerItemProxy */;
		};
		6F63B8CF2E5311D5005C7A3B /* PBXTargetDependency */ = {
			isa = PBXTargetDependency;
			target = 6F63B8B22E5311D4005C7A3B /* Hums */;
			targetProxy = 6F63B8CE2E5311D5005C7A3B /* PBXContainerItemProxy */;
		};
/* End PBXTargetDependency section */

/* Begin XCBuildConfiguration section */
		6F63B8D52E5311D5005C7A3B /* Debug */ = {
			isa = XCBuildConfiguration;
			buildSettings = {
				ALWAYS_SEARCH_USER_PATHS = NO;
				ASSETCATALOG_COMPILER_GENERATE_SWIFT_ASSET_SYMBOL_EXTENSIONS = YES;
				CLANG_ANALYZER_NONNULL = YES;
				CLANG_ANALYZER_NUMBER_OBJECT_CONVERSION = YES_AGGRESSIVE;
				CLANG_CXX_LANGUAGE_STANDARD = "gnu++20";
				CLANG_ENABLE_MODULES = YES;
				CLANG_ENABLE_OBJC_ARC = YES;
				CLANG_ENABLE_OBJC_WEAK = YES;
				CLANG_WARN_BLOCK_CAPTURE_AUTORELEASING = YES;
				CLANG_WARN_BOOL_CONVERSION = YES;
				CLANG_WARN_COMMA = YES;
				CLANG_WARN_CONSTANT_CONVERSION = YES;
				CLANG_WARN_DEPRECATED_OBJC_IMPLEMENTATIONS = YES;
				CLANG_WARN_DIRECT_OBJC_ISA_USAGE = YES_ERROR;
				CLANG_WARN_DOCUMENTATION_COMMENTS = YES;
				CLANG_WARN_EMPTY_BODY = YES;
				CLANG_WARN_ENUM_CONVERSION = YES;
				CLANG_WARN_INFINITE_RECURSION = YES;
				CLANG_WARN_INT_CONVERSION = YES;
				CLANG_WARN_NON_LITERAL_NULL_CONVERSION = YES;
				CLANG_WARN_OBJC_IMPLICIT_RETAIN_SELF = YES;
				CLANG_WARN_OBJC_LITERAL_CONVERSION = YES;
				CLANG_WARN_OBJC_ROOT_CLASS = YES_ERROR;
				CLANG_WARN_QUOTED_INCLUDE_IN_FRAMEWORK_HEADER = YES;
				CLANG_WARN_RANGE_LOOP_ANALYSIS = YES;
				CLANG_WARN_STRICT_PROTOTYPES = YES;
				CLANG_WARN_SUSPICIOUS_MOVE = YES;
				CLANG_WARN_UNGUARDED_AVAILABILITY = YES_AGGRESSIVE;
				CLANG_WARN_UNREACHABLE_CODE = YES;
				CLANG_WARN__DUPLICATE_METHOD_MATCH = YES;
				COPY_PHASE_STRIP = NO;
				DEBUG_INFORMATION_FORMAT = dwarf;
				ENABLE_STRICT_OBJC_MSGSEND = YES;
				ENABLE_TESTABILITY = YES;
				ENABLE_USER_SCRIPT_SANDBOXING = YES;
				GCC_C_LANGUAGE_STANDARD = gnu17;
				GCC_DYNAMIC_NO_PIC = NO;
				GCC_NO_COMMON_BLOCKS = YES;
				GCC_OPTIMIZATION_LEVEL = 0;
				GCC_PREPROCESSOR_DEFINITIONS = (
					"DEBUG=1",
					"$(inherited)",
				);
				GCC_WARN_64_TO_32_BIT_CONVERSION = YES;
				GCC_WARN_ABOUT_RETURN_TYPE = YES_ERROR;
				GCC_WARN_UNDECLARED_SELECTOR = YES;
				GCC_WARN_UNINITIALIZED_AUTOS = YES_AGGRESSIVE;
				GCC_WARN_UNUSED_FUNCTION = YES;
				GCC_WARN_UNUSED_VARIABLE = YES;
				IPHONEOS_DEPLOYMENT_TARGET = 18.2;
				LOCALIZATION_PREFERS_STRING_CATALOGS = YES;
				MTL_ENABLE_DEBUG_INFO = INCLUDE_SOURCE;
				MTL_FAST_MATH = YES;
				ONLY_ACTIVE_ARCH = YES;
				SDKROOT = iphoneos;
				SWIFT_ACTIVE_COMPILATION_CONDITIONS = "DEBUG $(inherited)";
				SWIFT_OPTIMIZATION_LEVEL = "-Onone";
			};
			name = Debug;
		};
		6F63B8D62E5311D5005C7A3B /* Release */ = {
			isa = XCBuildConfiguration;
			buildSettings = {
				ALWAYS_SEARCH_USER_PATHS = NO;
				ASSETCATALOG_COMPILER_GENERATE_SWIFT_ASSET_SYMBOL_EXTENSIONS = YES;
				CLANG_ANALYZER_NONNULL = YES;
				CLANG_ANALYZER_NUMBER_OBJECT_CONVERSION = YES_AGGRESSIVE;
				CLANG_CXX_LANGUAGE_STANDARD = "gnu++20";
				CLANG_ENABLE_MODULES = YES;
				CLANG_ENABLE_OBJC_ARC = YES;
				CLANG_ENABLE_OBJC_WEAK = YES;
				CLANG_WARN_BLOCK_CAPTURE_AUTORELEASING = YES;
				CLANG_WARN_BOOL_CONVERSION = YES;
				CLANG_WARN_COMMA = YES;
				CLANG_WARN_CONSTANT_CONVERSION = YES;
				CLANG_WARN_DEPRECATED_OBJC_IMPLEMENTATIONS = YES;
				CLANG_WARN_DIRECT_OBJC_ISA_USAGE = YES_ERROR;
				CLANG_WARN_DOCUMENTATION_COMMENTS = YES;
				CLANG_WARN_EMPTY_BODY = YES;
				CLANG_WARN_ENUM_CONVERSION = YES;
				CLANG_WARN_INFINITE_RECURSION = YES;
				CLANG_WARN_INT_CONVERSION = YES;
				CLANG_WARN_NON_LITERAL_NULL_CONVERSION = YES;
				CLANG_WARN_OBJC_IMPLICIT_RETAIN_SELF = YES;
				CLANG_WARN_OBJC_LITERAL_CONVERSION = YES;
				CLANG_WARN_OBJC_ROOT_CLASS = YES_ERROR;
				CLANG_WARN_QUOTED_INCLUDE_IN_FRAMEWORK_HEADER = YES;
				CLANG_WARN_RANGE_LOOP_ANALYSIS = YES;
				CLANG_WARN_STRICT_PROTOTYPES = YES;
				CLANG_WARN_SUSPICIOUS_MOVE = YES;
				CLANG_WARN_UNGUARDED_AVAILABILITY = YES_AGGRESSIVE;
				CLANG_WARN_UNREACHABLE_CODE = YES;
				CLANG_WARN__DUPLICATE_METHOD_MATCH = YES;
				COPY_PHASE_STRIP = NO;
				DEBUG_INFORMATION_FORMAT = "dwarf-with-dsym";
				ENABLE_NS_ASSERTIONS = NO;
				ENABLE_STRICT_OBJC_MSGSEND = YES;
				ENABLE_USER_SCRIPT_SANDBOXING = YES;
				GCC_C_LANGUAGE_STANDARD = gnu17;
				GCC_NO_COMMON_BLOCKS = YES;
				GCC_WARN_64_TO_32_BIT_CONVERSION = YES;
				GCC_WARN_ABOUT_RETURN_TYPE = YES_ERROR;
				GCC_WARN_UNDECLARED_SELECTOR = YES;
				GCC_WARN_UNINITIALIZED_AUTOS = YES_AGGRESSIVE;
				GCC_WARN_UNUSED_FUNCTION = YES;
				GCC_WARN_UNUSED_VARIABLE = YES;
				IPHONEOS_DEPLOYMENT_TARGET = 18.2;
				LOCALIZATION_PREFERS_STRING_CATALOGS = YES;
				MTL_ENABLE_DEBUG_INFO = NO;
				MTL_FAST_MATH = YES;
				SDKROOT = iphoneos;
				SWIFT_COMPILATION_MODE = wholemodule;
				VALIDATE_PRODUCT = YES;
			};
			name = Release;
		};
		6F63B8D82E5311D5005C7A3B /* Debug */ = {
			isa = XCBuildConfiguration;
			buildSettings = {
				ASSETCATALOG_COMPILER_APPICON_NAME = AppIcon;
				ASSETCATALOG_COMPILER_GLOBAL_ACCENT_COLOR_NAME = AccentColor;
				CODE_SIGN_STYLE = Automatic;
				CURRENT_PROJECT_VERSION = 1;
				DEVELOPMENT_ASSET_PATHS = "\"Hums/Preview Content\"";
				DEVELOPMENT_TEAM = V8R7AQUJ49;
				ENABLE_PREVIEWS = YES;
				GENERATE_INFOPLIST_FILE = YES;
				INFOPLIST_FILE = Hums/Info.plist;
				INFOPLIST_KEY_CFBundleDisplayName = "Hum & Purr";
				INFOPLIST_KEY_LSApplicationCategoryType = "public.app-category.educational-games";
				INFOPLIST_KEY_NSMicrophoneUsageDescription = NSMicrophoneUsageDescription;
				INFOPLIST_KEY_UIApplicationSceneManifest_Generation = YES;
				INFOPLIST_KEY_UIApplicationSupportsIndirectInputEvents = YES;
				INFOPLIST_KEY_UILaunchScreen_Generation = YES;
				INFOPLIST_KEY_UIRequiresFullScreen = YES;
				INFOPLIST_KEY_UISupportedInterfaceOrientations = "UIInterfaceOrientationPortraitUpsideDown UIInterfaceOrientationPortrait";
				INFOPLIST_KEY_UISupportedInterfaceOrientations_iPad = "UIInterfaceOrientationPortrait UIInterfaceOrientationPortraitUpsideDown";
				IPHONEOS_DEPLOYMENT_TARGET = 16.6;
				LD_RUNPATH_SEARCH_PATHS = (
					"$(inherited)",
					"@executable_path/Frameworks",
				);
				MARKETING_VERSION = 1.0;
				PRODUCT_BUNDLE_IDENTIFIER = com.yomna.Hums;
				PRODUCT_NAME = "$(TARGET_NAME)";
				SUPPORTED_PLATFORMS = "iphoneos iphonesimulator";
				SUPPORTS_MACCATALYST = NO;
				SUPPORTS_MAC_DESIGNED_FOR_IPHONE_IPAD = NO;
				SUPPORTS_XR_DESIGNED_FOR_IPHONE_IPAD = NO;
				SWIFT_EMIT_LOC_STRINGS = YES;
				SWIFT_VERSION = 5.0;
				TARGETED_DEVICE_FAMILY = 2;
			};
			name = Debug;
		};
		6F63B8D92E5311D5005C7A3B /* Release */ = {
			isa = XCBuildConfiguration;
			buildSettings = {
				ASSETCATALOG_COMPILER_APPICON_NAME = AppIcon;
				ASSETCATALOG_COMPILER_GLOBAL_ACCENT_COLOR_NAME = AccentColor;
				CODE_SIGN_STYLE = Automatic;
				CURRENT_PROJECT_VERSION = 1;
				DEVELOPMENT_ASSET_PATHS = "\"Hums/Preview Content\"";
				DEVELOPMENT_TEAM = V8R7AQUJ49;
				ENABLE_PREVIEWS = YES;
				GENERATE_INFOPLIST_FILE = YES;
				INFOPLIST_FILE = Hums/Info.plist;
				INFOPLIST_KEY_CFBundleDisplayName = "Hum & Purr";
				INFOPLIST_KEY_LSApplicationCategoryType = "public.app-category.educational-games";
				INFOPLIST_KEY_NSMicrophoneUsageDescription = NSMicrophoneUsageDescription;
				INFOPLIST_KEY_UIApplicationSceneManifest_Generation = YES;
				INFOPLIST_KEY_UIApplicationSupportsIndirectInputEvents = YES;
				INFOPLIST_KEY_UILaunchScreen_Generation = YES;
				INFOPLIST_KEY_UIRequiresFullScreen = YES;
				INFOPLIST_KEY_UISupportedInterfaceOrientations = "UIInterfaceOrientationPortraitUpsideDown UIInterfaceOrientationPortrait";
				INFOPLIST_KEY_UISupportedInterfaceOrientations_iPad = "UIInterfaceOrientationPortrait UIInterfaceOrientationPortraitUpsideDown";
				IPHONEOS_DEPLOYMENT_TARGET = 16.6;
				LD_RUNPATH_SEARCH_PATHS = (
					"$(inherited)",
					"@executable_path/Frameworks",
				);
				MARKETING_VERSION = 1.0;
				PRODUCT_BUNDLE_IDENTIFIER = com.yomna.Hums;
				PRODUCT_NAME = "$(TARGET_NAME)";
				SUPPORTED_PLATFORMS = "iphoneos iphonesimulator";
				SUPPORTS_MACCATALYST = NO;
				SUPPORTS_MAC_DESIGNED_FOR_IPHONE_IPAD = NO;
				SUPPORTS_XR_DESIGNED_FOR_IPHONE_IPAD = NO;
				SWIFT_EMIT_LOC_STRINGS = YES;
				SWIFT_VERSION = 5.0;
				TARGETED_DEVICE_FAMILY = 2;
			};
			name = Release;
		};
		6F63B8DB2E5311D5005C7A3B /* Debug */ = {
			isa = XCBuildConfiguration;
			buildSettings = {
				BUNDLE_LOADER = "$(TEST_HOST)";
				CODE_SIGN_STYLE = Automatic;
				CURRENT_PROJECT_VERSION = 1;
				DEVELOPMENT_TEAM = V8R7AQUJ49;
				GENERATE_INFOPLIST_FILE = YES;
				IPHONEOS_DEPLOYMENT_TARGET = 18.2;
				MARKETING_VERSION = 1.0;
				PRODUCT_BUNDLE_IDENTIFIER = com.yomna.HumsTests;
				PRODUCT_NAME = "$(TARGET_NAME)";
				SWIFT_EMIT_LOC_STRINGS = NO;
				SWIFT_VERSION = 5.0;
				TARGETED_DEVICE_FAMILY = "1,2";
				TEST_HOST = "$(BUILT_PRODUCTS_DIR)/Hums.app/$(BUNDLE_EXECUTABLE_FOLDER_PATH)/Hums";
			};
			name = Debug;
		};
		6F63B8DC2E5311D5005C7A3B /* Release */ = {
			isa = XCBuildConfiguration;
			buildSettings = {
				BUNDLE_LOADER = "$(TEST_HOST)";
				CODE_SIGN_STYLE = Automatic;
				CURRENT_PROJECT_VERSION = 1;
				DEVELOPMENT_TEAM = V8R7AQUJ49;
				GENERATE_INFOPLIST_FILE = YES;
				IPHONEOS_DEPLOYMENT_TARGET = 18.2;
				MARKETING_VERSION = 1.0;
				PRODUCT_BUNDLE_IDENTIFIER = com.yomna.HumsTests;
				PRODUCT_NAME = "$(TARGET_NAME)";
				SWIFT_EMIT_LOC_STRINGS = NO;
				SWIFT_VERSION = 5.0;
				TARGETED_DEVICE_FAMILY = "1,2";
				TEST_HOST = "$(BUILT_PRODUCTS_DIR)/Hums.app/$(BUNDLE_EXECUTABLE_FOLDER_PATH)/Hums";
			};
			name = Release;
		};
		6F63B8DE2E5311D5005C7A3B /* Debug */ = {
			isa = XCBuildConfiguration;
			buildSettings = {
				CODE_SIGN_STYLE = Automatic;
				CURRENT_PROJECT_VERSION = 1;
				DEVELOPMENT_TEAM = V8R7AQUJ49;
				GENERATE_INFOPLIST_FILE = YES;
				MARKETING_VERSION = 1.0;
				PRODUCT_BUNDLE_IDENTIFIER = com.yomna.HumsUITests;
				PRODUCT_NAME = "$(TARGET_NAME)";
				SWIFT_EMIT_LOC_STRINGS = NO;
				SWIFT_VERSION = 5.0;
				TARGETED_DEVICE_FAMILY = "1,2";
				TEST_TARGET_NAME = Hums;
			};
			name = Debug;
		};
		6F63B8DF2E5311D5005C7A3B /* Release */ = {
			isa = XCBuildConfiguration;
			buildSettings = {
				CODE_SIGN_STYLE = Automatic;
				CURRENT_PROJECT_VERSION = 1;
				DEVELOPMENT_TEAM = V8R7AQUJ49;
				GENERATE_INFOPLIST_FILE = YES;
				MARKETING_VERSION = 1.0;
				PRODUCT_BUNDLE_IDENTIFIER = com.yomna.HumsUITests;
				PRODUCT_NAME = "$(TARGET_NAME)";
				SWIFT_EMIT_LOC_STRINGS = NO;
				SWIFT_VERSION = 5.0;
				TARGETED_DEVICE_FAMILY = "1,2";
				TEST_TARGET_NAME = Hums;
			};
			name = Release;
		};
/* End XCBuildConfiguration section */

/* Begin XCConfigurationList section */
		6F63B8AE2E5311D4005C7A3B /* Build configuration list for PBXProject "Hums" */ = {
			isa = XCConfigurationList;
			buildConfigurations = (
				6F63B8D52E5311D5005C7A3B /* Debug */,
				6F63B8D62E5311D5005C7A3B /* Release */,
			);
			defaultConfigurationIsVisible = 0;
			defaultConfigurationName = Release;
		};
		6F63B8D72E5311D5005C7A3B /* Build configuration list for PBXNativeTarget "Hums" */ = {
			isa = XCConfigurationList;
			buildConfigurations = (
				6F63B8D82E5311D5005C7A3B /* Debug */,
				6F63B8D92E5311D5005C7A3B /* Release */,
			);
			defaultConfigurationIsVisible = 0;
			defaultConfigurationName = Release;
		};
		6F63B8DA2E5311D5005C7A3B /* Build configuration list for PBXNativeTarget "HumsTests" */ = {
			isa = XCConfigurationList;
			buildConfigurations = (
				6F63B8DB2E5311D5005C7A3B /* Debug */,
				6F63B8DC2E5311D5005C7A3B /* Release */,
			);
			defaultConfigurationIsVisible = 0;
			defaultConfigurationName = Release;
		};
		6F63B8DD2E5311D5005C7A3B /* Build configuration list for PBXNativeTarget "HumsUITests" */ = {
			isa = XCConfigurationList;
			buildConfigurations = (
				6F63B8DE2E5311D5005C7A3B /* Debug */,
				6F63B8DF2E5311D5005C7A3B /* Release */,
			);
			defaultConfigurationIsVisible = 0;
			defaultConfigurationName = Release;
		};
/* End XCConfigurationList section */
	};
	rootObject = 6F63B8AB2E5311D4005C7A3B /* Project object */;
}
